Microsoft Visual Studio Solution File, Format Version 7.00
Project("{8BC9CEB8-8B4A-11D0-8D11-00A0C91BC942}") = "client", "client.vcproj", "{76E56991-C964-444B-82A6-AFDA5145E18A}"
EndProject
Global
	GlobalSection(SolutionConfiguration) = preSolution
		ConfigName.0 = Debug
		ConfigName.1 = Release
	EndGlobalSection
	GlobalSection(ProjectDependencies) = postSolution
	EndGlobalSection
	GlobalSection(ProjectConfiguration) = postSolution
		{76E56991-C964-444B-82A6-AFDA5145E18A}.Debug.ActiveCfg = Debug|Win32
		{76E56991-C964-444B-82A6-AFDA5145E18A}.Debug.Build.0 = Debug|Win32
		{76E56991-C964-444B-82A6-AFDA5145E18A}.Release.ActiveCfg = Release|Win32
		{76E56991-C964-444B-82A6-AFDA5145E18A}.Release.Build.0 = Release|Win32
	EndGlobalSection
	GlobalSection(ExtensibilityGlobals) = postSolution
	EndGlobalSection
	GlobalSection(ExtensibilityAddIns) = postSolution
	EndGlobalSection
EndGlobal
